
Microsoft Visual Studio Solution File, Format Version 12.00
# Visual Studio Version 17
VisualStudioVersion = 17.13.35931.197 d17.13
MinimumVisualStudioVersion = 10.0.40219.1
Project("{FAE04EC0-301F-11D3-BF4B-00C04F79EFBC}") = "Presentation", "Full Stack Task\Presentation.csproj", "{A22CDDAC-76DB-41F0-8A02-1E413C81C311}"
EndProject
Project("{FAE04EC0-301F-11D3-BF4B-00C04F79EFBC}") = "Data", "Data\Data.csproj", "{217327C8-D9C2-4139-BEA5-12E3636B3A55}"
EndProject
Project("{FAE04EC0-301F-11D3-BF4B-00C04F79EFBC}") = "Business", "Business\Business.csproj", "{FD16D30B-6B6E-451F-B857-8120DD309EC8}"
EndProject
Global
	GlobalSection(SolutionConfigurationPlatforms) = preSolution
		Debug|Any CPU = Debug|Any CPU
		Release|Any CPU = Release|Any CPU
	EndGlobalSection
	GlobalSection(ProjectConfigurationPlatforms) = postSolution
		{A22CDDAC-76DB-41F0-8A02-1E413C81C311}.Debug|Any CPU.ActiveCfg = Debug|Any CPU
		{A22CDDAC-76DB-41F0-8A02-1E413C81C311}.Debug|Any CPU.Build.0 = Debug|Any CPU
		{A22CDDAC-76DB-41F0-8A02-1E413C81C311}.Release|Any CPU.ActiveCfg = Release|Any CPU
		{A22CDDAC-76DB-41F0-8A02-1E413C81C311}.Release|Any CPU.Build.0 = Release|Any CPU
		{217327C8-D9C2-4139-BEA5-12E3636B3A55}.Debug|Any CPU.ActiveCfg = Debug|Any CPU
		{217327C8-D9C2-4139-BEA5-12E3636B3A55}.Debug|Any CPU.Build.0 = Debug|Any CPU
		{217327C8-D9C2-4139-BEA5-12E3636B3A55}.Release|Any CPU.ActiveCfg = Release|Any CPU
		{217327C8-D9C2-4139-BEA5-12E3636B3A55}.Release|Any CPU.Build.0 = Release|Any CPU
		{FD16D30B-6B6E-451F-B857-8120DD309EC8}.Debug|Any CPU.ActiveCfg = Debug|Any CPU
		{FD16D30B-6B6E-451F-B857-8120DD309EC8}.Debug|Any CPU.Build.0 = Debug|Any CPU
		{FD16D30B-6B6E-451F-B857-8120DD309EC8}.Release|Any CPU.ActiveCfg = Release|Any CPU
		{FD16D30B-6B6E-451F-B857-8120DD309EC8}.Release|Any CPU.Build.0 = Release|Any CPU
	EndGlobalSection
	GlobalSection(SolutionProperties) = preSolution
		HideSolutionNode = FALSE
	EndGlobalSection
	GlobalSection(ExtensibilityGlobals) = postSolution
		SolutionGuid = {BEA187FF-44E4-4918-9B7F-D4F8B7702576}
	EndGlobalSection
EndGlobal
